PODS:
  - BBForm (0.1.0):
    - PureLayout
  - Expecta (0.3.1)
  - PureLayout (1.1.0)
  - Reveal-iOS-SDK (1.0.7)
  - Specta (0.2.1)

DEPENDENCIES:
  - BBForm (from `../`)
  - Expecta
  - Reveal-iOS-SDK
  - Specta (~> 0.2.1)

EXTERNAL SOURCES:
  BBForm:
    :path: ../

SPEC CHECKSUMS:
  BBForm: 75893f48cca475a29754d660e25df5e437901253
  Expecta: 03aabd0a89d8dea843baecb19a7fd7466a69a31d
  PureLayout: c8960fa0f3b40d849d5e177d699d0148faa63b63
  Reveal-iOS-SDK: 7ee5e9b37ef13dcd93ae1736c1b72c7c650da3e3
  Specta: 9141310f46b1f68b676650ff2854e1ed0b74163a

COCOAPODS: 0.36.0.beta.1
