PODS:
  - BBForm (0.1.7):
    - PureLayout
  - Expecta (1.0.3)
  - PureLayout (3.0.1)
  - Specta (1.0.4)
  - TPKeyboardAvoiding (1.2.10)

DEPENDENCIES:
  - BBForm (from `../`)
  - Expecta
  - Specta
  - TPKeyboardAvoiding

EXTERNAL SOURCES:
  BBForm:
    :path: ../

SPEC CHECKSUMS:
  BBForm: 73f9cc24317a3ae181c19af44641cf1da87816e4
  Expecta: 9d1bff6c8b0eeee73a166a2ee898892478927a15
  PureLayout: f35f5384c9c4e4479df041dbe33ad7577b71ddfb
  Specta: 69bb134672aae190a1379ff91df07dad8dd1f869
  TPKeyboardAvoiding: 614ebec846ec28b83d548769297fa5fb56468904

COCOAPODS: 0.38.2
