PODS:
  - BBForm (0.1.2):
    - PureLayout
  - Expecta (0.4.2)
  - Expecta+Snapshots (1.3.2):
    - Expecta (~> 0.3)
    - FBSnapshotTestCase (= 1.6)
  - FBSnapshotTestCase (1.6)
  - PureLayout (2.0.6)
  - Specta (1.0.1)
  - TPKeyboardAvoiding (1.2.6)

DEPENDENCIES:
  - BBForm (from `../`)
  - Expecta
  - Expecta+Snapshots
  - FBSnapshotTestCase
  - Specta
  - TPKeyboardAvoiding

EXTERNAL SOURCES:
  BBForm:
    :path: ../

SPEC CHECKSUMS:
  BBForm: db93015b000c2d69f1c75656c9db808e8be5505d
  Expecta: 78b4e8b0c8291fa4524d7f74016b6065c2e391ec
  Expecta+Snapshots: 40c5ec43b43da3bae957f14fed5dc9177d08ec8b
  FBSnapshotTestCase: 9d5fe43b29ae3a0ed8fc829477971b281038f748
  PureLayout: f25f0bb904d5ccfe6e31da3cb869185259f02e0d
  Specta: 097be314a75de103703a3bf9a529dc1a398509d7
  TPKeyboardAvoiding: ee4dd35e3bb7bb64bfbda47e7cc9ba872ff10f77

COCOAPODS: 0.37.2
